// !$*UTF8*$!
{
	archiveVersion = 1;
	classes = {
	};
	objectVersion = 50;
	objects = {

/* Begin PBXBuildFile section */
		377D7DC22415959000CD6582 /* AppDelegate.swift in Sources */ = {isa = PBXBuildFile; fileRef = 377D7DC12415959000CD6582 /* AppDelegate.swift */; };
		377D7DC42415959000CD6582 /* SceneDelegate.swift in Sources */ = {isa = PBXBuildFile; fileRef = 377D7DC32415959000CD6582 /* SceneDelegate.swift */; };
		377D7DC72415959000CD6582 /* GradeCalc.xcdatamodeld in Sources */ = {isa = PBXBuildFile; fileRef = 377D7DC52415959000CD6582 /* GradeCalc.xcdatamodeld */; };
		377D7DC92415959000CD6582 /* ContentView.swift in Sources */ = {isa = PBXBuildFile; fileRef = 377D7DC82415959000CD6582 /* ContentView.swift */; };
		377D7DCB2415959200CD6582 /* Assets.xcassets in Resources */ = {isa = PBXBuildFile; fileRef = 377D7DCA2415959200CD6582 /* Assets.xcassets */; };
		377D7DCE2415959200CD6582 /* Preview Assets.xcassets in Resources */ = {isa = PBXBuildFile; fileRef = 377D7DCD2415959200CD6582 /* Preview Assets.xcassets */; };
		377D7DD12415959200CD6582 /* LaunchScreen.storyboard in Resources */ = {isa = PBXBuildFile; fileRef = 377D7DCF2415959200CD6582 /* LaunchScreen.storyboard */; };
		377D7DDF2415A00D00CD6582 /* Exam+CoreDataClass.swift in Sources */ = {isa = PBXBuildFile; fileRef = 377D7DD92415A00D00CD6582 /* Exam+CoreDataClass.swift */; };
		377D7DE02415A00D00CD6582 /* Exam+CoreDataProperties.swift in Sources */ = {isa = PBXBuildFile; fileRef = 377D7DDA2415A00D00CD6582 /* Exam+CoreDataProperties.swift */; };
		377D7DE12415A00D00CD6582 /* Subject+CoreDataClass.swift in Sources */ = {isa = PBXBuildFile; fileRef = 377D7DDB2415A00D00CD6582 /* Subject+CoreDataClass.swift */; };
		377D7DE22415A00D00CD6582 /* Subject+CoreDataProperties.swift in Sources */ = {isa = PBXBuildFile; fileRef = 377D7DDC2415A00D00CD6582 /* Subject+CoreDataProperties.swift */; };
		377D7DE32415A00D00CD6582 /* Semester+CoreDataClass.swift in Sources */ = {isa = PBXBuildFile; fileRef = 377D7DDD2415A00D00CD6582 /* Semester+CoreDataClass.swift */; };
		377D7DE42415A00D00CD6582 /* Semester+CoreDataProperties.swift in Sources */ = {isa = PBXBuildFile; fileRef = 377D7DDE2415A00D00CD6582 /* Semester+CoreDataProperties.swift */; };
		377D7DE72415A03E00CD6582 /* SemesterListView.swift in Sources */ = {isa = PBXBuildFile; fileRef = 377D7DE62415A03E00CD6582 /* SemesterListView.swift */; };
		377D7DE92415A2B400CD6582 /* SemesterAddVIew.swift in Sources */ = {isa = PBXBuildFile; fileRef = 377D7DE82415A2B400CD6582 /* SemesterAddVIew.swift */; };
		377D7DEB2415A48E00CD6582 /* SubjectListView.swift in Sources */ = {isa = PBXBuildFile; fileRef = 377D7DEA2415A48E00CD6582 /* SubjectListView.swift */; };
		377D7DED2415A59800CD6582 /* SubjectAddVIew.swift in Sources */ = {isa = PBXBuildFile; fileRef = 377D7DEC2415A59800CD6582 /* SubjectAddVIew.swift */; };
/* End PBXBuildFile section */

/* Begin PBXFileReference section */
		377D7DBE2415959000CD6582 /* GradeCalc.app */ = {isa = PBXFileReference; explicitFileType = wrapper.application; includeInIndex = 0; path = GradeCalc.app; sourceTree = BUILT_PRODUCTS_DIR; };
		377D7DC12415959000CD6582 /* AppDelegate.swift */ = {isa = PBXFileReference; lastKnownFileType = sourcecode.swift; path = AppDelegate.swift; sourceTree = "<group>"; };
		377D7DC32415959000CD6582 /* SceneDelegate.swift */ = {isa = PBXFileReference; lastKnownFileType = sourcecode.swift; path = SceneDelegate.swift; sourceTree = "<group>"; };
		377D7DC62415959000CD6582 /* GradeCalc.xcdatamodel */ = {isa = PBXFileReference; lastKnownFileType = wrapper.xcdatamodel; path = GradeCalc.xcdatamodel; sourceTree = "<group>"; };
		377D7DC82415959000CD6582 /* ContentView.swift */ = {isa = PBXFileReference; lastKnownFileType = sourcecode.swift; path = ContentView.swift; sourceTree = "<group>"; };
		377D7DCA2415959200CD6582 /* Assets.xcassets */ = {isa = PBXFileReference; lastKnownFileType = folder.assetcatalog; path = Assets.xcassets; sourceTree = "<group>"; };
		377D7DCD2415959200CD6582 /* Preview Assets.xcassets */ = {isa = PBXFileReference; lastKnownFileType = folder.assetcatalog; path = "Preview Assets.xcassets"; sourceTree = "<group>"; };
		377D7DD02415959200CD6582 /* Base */ = {isa = PBXFileReference; lastKnownFileType = file.storyboard; name = Base; path = Base.lproj/LaunchScreen.storyboard; sourceTree = "<group>"; };
		377D7DD22415959200CD6582 /* Info.plist */ = {isa = PBXFileReference; lastKnownFileType = text.plist.xml; path = Info.plist; sourceTree = "<group>"; };
		377D7DD92415A00D00CD6582 /* Exam+CoreDataClass.swift */ = {isa = PBXFileReference; lastKnownFileType = sourcecode.swift; path = "Exam+CoreDataClass.swift"; sourceTree = "<group>"; };
		377D7DDA2415A00D00CD6582 /* Exam+CoreDataProperties.swift */ = {isa = PBXFileReference; lastKnownFileType = sourcecode.swift; path = "Exam+CoreDataProperties.swift"; sourceTree = "<group>"; };
		377D7DDB2415A00D00CD6582 /* Subject+CoreDataClass.swift */ = {isa = PBXFileReference; lastKnownFileType = sourcecode.swift; path = "Subject+CoreDataClass.swift"; sourceTree = "<group>"; };
		377D7DDC2415A00D00CD6582 /* Subject+CoreDataProperties.swift */ = {isa = PBXFileReference; lastKnownFileType = sourcecode.swift; path = "Subject+CoreDataProperties.swift"; sourceTree = "<group>"; };
		377D7DDD2415A00D00CD6582 /* Semester+CoreDataClass.swift */ = {isa = PBXFileReference; lastKnownFileType = sourcecode.swift; path = "Semester+CoreDataClass.swift"; sourceTree = "<group>"; };
		377D7DDE2415A00D00CD6582 /* Semester+CoreDataProperties.swift */ = {isa = PBXFileReference; lastKnownFileType = sourcecode.swift; path = "Semester+CoreDataProperties.swift"; sourceTree = "<group>"; };
		377D7DE62415A03E00CD6582 /* SemesterListView.swift */ = {isa = PBXFileReference; lastKnownFileType = sourcecode.swift; path = SemesterListView.swift; sourceTree = "<group>"; };
		377D7DE82415A2B400CD6582 /* SemesterAddVIew.swift */ = {isa = PBXFileReference; lastKnownFileType = sourcecode.swift; path = SemesterAddVIew.swift; sourceTree = "<group>"; };
		377D7DEA2415A48E00CD6582 /* SubjectListView.swift */ = {isa = PBXFileReference; lastKnownFileType = sourcecode.swift; path = SubjectListView.swift; sourceTree = "<group>"; };
		377D7DEC2415A59800CD6582 /* SubjectAddVIew.swift */ = {isa = PBXFileReference; lastKnownFileType = sourcecode.swift; path = SubjectAddVIew.swift; sourceTree = "<group>"; };
/* End PBXFileReference section */

/* Begin PBXFrameworksBuildPhase section */
		377D7DBB2415959000CD6582 /* Frameworks */ = {
			isa = PBXFrameworksBuildPhase;
			buildActionMask = 2147483647;
			files = (
			);
			runOnlyForDeploymentPostprocessing = 0;
		};
/* End PBXFrameworksBuildPhase section */

/* Begin PBXGroup section */
		377D7DB52415959000CD6582 = {
			isa = PBXGroup;
			children = (
				377D7DC02415959000CD6582 /* GradeCalc */,
				377D7DBF2415959000CD6582 /* Products */,
			);
			sourceTree = "<group>";
		};
		377D7DBF2415959000CD6582 /* Products */ = {
			isa = PBXGroup;
			children = (
				377D7DBE2415959000CD6582 /* GradeCalc.app */,
			);
			name = Products;
			sourceTree = "<group>";
		};
		377D7DC02415959000CD6582 /* GradeCalc */ = {
			isa = PBXGroup;
			children = (
				377D7DE52415A02000CD6582 /* Views */,
				377D7DD824159FF000CD6582 /* CoreData */,
				377D7DC12415959000CD6582 /* AppDelegate.swift */,
				377D7DC32415959000CD6582 /* SceneDelegate.swift */,
				377D7DC82415959000CD6582 /* ContentView.swift */,
				377D7DCA2415959200CD6582 /* Assets.xcassets */,
				377D7DCF2415959200CD6582 /* LaunchScreen.storyboard */,
				377D7DD22415959200CD6582 /* Info.plist */,
				377D7DC52415959000CD6582 /* GradeCalc.xcdatamodeld */,
				377D7DCC2415959200CD6582 /* Preview Content */,
			);
			path = GradeCalc;
			sourceTree = "<group>";
		};
		377D7DCC2415959200CD6582 /* Preview Content */ = {
			isa = PBXGroup;
			children = (
				377D7DCD2415959200CD6582 /* Preview Assets.xcassets */,
			);
			path = "Preview Content";
			sourceTree = "<group>";
		};
		377D7DD824159FF000CD6582 /* CoreData */ = {
			isa = PBXGroup;
			children = (
				377D7DD92415A00D00CD6582 /* Exam+CoreDataClass.swift */,
				377D7DDA2415A00D00CD6582 /* Exam+CoreDataProperties.swift */,
				377D7DDB2415A00D00CD6582 /* Subject+CoreDataClass.swift */,
				377D7DDC2415A00D00CD6582 /* Subject+CoreDataProperties.swift */,
				377D7DDD2415A00D00CD6582 /* Semester+CoreDataClass.swift */,
				377D7DDE2415A00D00CD6582 /* Semester+CoreDataProperties.swift */,
			);
			path = CoreData;
			sourceTree = "<group>";
		};
		377D7DE52415A02000CD6582 /* Views */ = {
			isa = PBXGroup;
			children = (
				377D7DE62415A03E00CD6582 /* SemesterListView.swift */,
				377D7DE82415A2B400CD6582 /* SemesterAddVIew.swift */,
				377D7DEA2415A48E00CD6582 /* SubjectListView.swift */,
				377D7DEC2415A59800CD6582 /* SubjectAddVIew.swift */,
			);
			path = Views;
			sourceTree = "<group>";
		};
/* End PBXGroup section */

/* Begin PBXNativeTarget section */
		377D7DBD2415959000CD6582 /* GradeCalc */ = {
			isa = PBXNativeTarget;
			buildConfigurationList = 377D7DD52415959200CD6582 /* Build configuration list for PBXNativeTarget "GradeCalc" */;
			buildPhases = (
				377D7DBA2415959000CD6582 /* Sources */,
				377D7DBB2415959000CD6582 /* Frameworks */,
				377D7DBC2415959000CD6582 /* Resources */,
			);
			buildRules = (
			);
			dependencies = (
			);
			name = GradeCalc;
			productName = GradeCalc;
			productReference = 377D7DBE2415959000CD6582 /* GradeCalc.app */;
			productType = "com.apple.product-type.application";
		};
/* End PBXNativeTarget section */

/* Begin PBXProject section */
		377D7DB62415959000CD6582 /* Project object */ = {
			isa = PBXProject;
			attributes = {
				LastSwiftUpdateCheck = 1130;
				LastUpgradeCheck = 1130;
				ORGANIZATIONNAME = "Marlon Lückert";
				TargetAttributes = {
					377D7DBD2415959000CD6582 = {
						CreatedOnToolsVersion = 11.3.1;
					};
				};
			};
			buildConfigurationList = 377D7DB92415959000CD6582 /* Build configuration list for PBXProject "GradeCalc" */;
			compatibilityVersion = "Xcode 9.3";
			developmentRegion = en;
			hasScannedForEncodings = 0;
			knownRegions = (
				en,
				Base,
			);
			mainGroup = 377D7DB52415959000CD6582;
			productRefGroup = 377D7DBF2415959000CD6582 /* Products */;
			projectDirPath = "";
			projectRoot = "";
			targets = (
				377D7DBD2415959000CD6582 /* GradeCalc */,
			);
		};
/* End PBXProject section */

/* Begin PBXResourcesBuildPhase section */
		377D7DBC2415959000CD6582 /* Resources */ = {
			isa = PBXResourcesBuildPhase;
			buildActionMask = 2147483647;
			files = (
				377D7DD12415959200CD6582 /* LaunchScreen.storyboard in Resources */,
				377D7DCE2415959200CD6582 /* Preview Assets.xcassets in Resources */,
				377D7DCB2415959200CD6582 /* Assets.xcassets in Resources */,
			);
			runOnlyForDeploymentPostprocessing = 0;
		};
/* End PBXResourcesBuildPhase section */

/* Begin PBXSourcesBuildPhase section */
		377D7DBA2415959000CD6582 /* Sources */ = {
			isa = PBXSourcesBuildPhase;
			buildActionMask = 2147483647;
			files = (
				377D7DE92415A2B400CD6582 /* SemesterAddVIew.swift in Sources */,
				377D7DED2415A59800CD6582 /* SubjectAddVIew.swift in Sources */,
				377D7DC22415959000CD6582 /* AppDelegate.swift in Sources */,
				377D7DE42415A00D00CD6582 /* Semester+CoreDataProperties.swift in Sources */,
				377D7DC72415959000CD6582 /* GradeCalc.xcdatamodeld in Sources */,
				377D7DDF2415A00D00CD6582 /* Exam+CoreDataClass.swift in Sources */,
				377D7DC92415959000CD6582 /* ContentView.swift in Sources */,
				377D7DE22415A00D00CD6582 /* Subject+CoreDataProperties.swift in Sources */,
				377D7DE12415A00D00CD6582 /* Subject+CoreDataClass.swift in Sources */,
				377D7DE32415A00D00CD6582 /* Semester+CoreDataClass.swift in Sources */,
				377D7DE72415A03E00CD6582 /* SemesterListView.swift in Sources */,
				377D7DE02415A00D00CD6582 /* Exam+CoreDataProperties.swift in Sources */,
				377D7DEB2415A48E00CD6582 /* SubjectListView.swift in Sources */,
				377D7DC42415959000CD6582 /* SceneDelegate.swift in Sources */,
			);
			runOnlyForDeploymentPostprocessing = 0;
		};
/* End PBXSourcesBuildPhase section */

/* Begin PBXVariantGroup section */
		377D7DCF2415959200CD6582 /* LaunchScreen.storyboard */ = {
			isa = PBXVariantGroup;
			children = (
				377D7DD02415959200CD6582 /* Base */,
			);
			name = LaunchScreen.storyboard;
			sourceTree = "<group>";
		};
/* End PBXVariantGroup section */

/* Begin XCBuildConfiguration section */
		377D7DD32415959200CD6582 /* Debug */ = {
			isa = XCBuildConfiguration;
			buildSettings = {
				ALWAYS_SEARCH_USER_PATHS = NO;
				CLANG_ANALYZER_NONNULL = YES;
				CLANG_ANALYZER_NUMBER_OBJECT_CONVERSION = YES_AGGRESSIVE;
				CLANG_CXX_LANGUAGE_STANDARD = "gnu++14";
				CLANG_CXX_LIBRARY = "libc++";
				CLANG_ENABLE_MODULES = YES;
				CLANG_ENABLE_OBJC_ARC = YES;
				CLANG_ENABLE_OBJC_WEAK = YES;
				CLANG_WARN_BLOCK_CAPTURE_AUTORELEASING = YES;
				CLANG_WARN_BOOL_CONVERSION = YES;
				CLANG_WARN_COMMA = YES;
				CLANG_WARN_CONSTANT_CONVERSION = YES;
				CLANG_WARN_DEPRECATED_OBJC_IMPLEMENTATIONS = YES;
				CLANG_WARN_DIRECT_OBJC_ISA_USAGE = YES_ERROR;
				CLANG_WARN_DOCUMENTATION_COMMENTS = YES;
				CLANG_WARN_EMPTY_BODY = YES;
				CLANG_WARN_ENUM_CONVERSION = YES;
				CLANG_WARN_INFINITE_RECURSION = YES;
				CLANG_WARN_INT_CONVERSION = YES;
				CLANG_WARN_NON_LITERAL_NULL_CONVERSION = YES;
				CLANG_WARN_OBJC_IMPLICIT_RETAIN_SELF = YES;
				CLANG_WARN_OBJC_LITERAL_CONVERSION = YES;
				CLANG_WARN_OBJC_ROOT_CLASS = YES_ERROR;
				CLANG_WARN_RANGE_LOOP_ANALYSIS = YES;
				CLANG_WARN_STRICT_PROTOTYPES = YES;
				CLANG_WARN_SUSPICIOUS_MOVE = YES;
				CLANG_WARN_UNGUARDED_AVAILABILITY = YES_AGGRESSIVE;
				CLANG_WARN_UNREACHABLE_CODE = YES;
				CLANG_WARN__DUPLICATE_METHOD_MATCH = YES;
				COPY_PHASE_STRIP = NO;
				DEBUG_INFORMATION_FORMAT = dwarf;
				ENABLE_STRICT_OBJC_MSGSEND = YES;
				ENABLE_TESTABILITY = YES;
				GCC_C_LANGUAGE_STANDARD = gnu11;
				GCC_DYNAMIC_NO_PIC = NO;
				GCC_NO_COMMON_BLOCKS = YES;
				GCC_OPTIMIZATION_LEVEL = 0;
				GCC_PREPROCESSOR_DEFINITIONS = (
					"DEBUG=1",
					"$(inherited)",
				);
				GCC_WARN_64_TO_32_BIT_CONVERSION = YES;
				GCC_WARN_ABOUT_RETURN_TYPE = YES_ERROR;
				GCC_WARN_UNDECLARED_SELECTOR = YES;
				GCC_WARN_UNINITIALIZED_AUTOS = YES_AGGRESSIVE;
				GCC_WARN_UNUSED_FUNCTION = YES;
				GCC_WARN_UNUSED_VARIABLE = YES;
				IPHONEOS_DEPLOYMENT_TARGET = 13.2;
				MTL_ENABLE_DEBUG_INFO = INCLUDE_SOURCE;
				MTL_FAST_MATH = YES;
				ONLY_ACTIVE_ARCH = YES;
				SDKROOT = iphoneos;
				SWIFT_ACTIVE_COMPILATION_CONDITIONS = DEBUG;
				SWIFT_OPTIMIZATION_LEVEL = "-Onone";
			};
			name = Debug;
		};
		377D7DD42415959200CD6582 /* Release */ = {
			isa = XCBuildConfiguration;
			buildSettings = {
				ALWAYS_SEARCH_USER_PATHS = NO;
				CLANG_ANALYZER_NONNULL = YES;
				CLANG_ANALYZER_NUMBER_OBJECT_CONVERSION = YES_AGGRESSIVE;
				CLANG_CXX_LANGUAGE_STANDARD = "gnu++14";
				CLANG_CXX_LIBRARY = "libc++";
				CLANG_ENABLE_MODULES = YES;
				CLANG_ENABLE_OBJC_ARC = YES;
				CLANG_ENABLE_OBJC_WEAK = YES;
				CLANG_WARN_BLOCK_CAPTURE_AUTORELEASING = YES;
				CLANG_WARN_BOOL_CONVERSION = YES;
				CLANG_WARN_COMMA = YES;
				CLANG_WARN_CONSTANT_CONVERSION = YES;
				CLANG_WARN_DEPRECATED_OBJC_IMPLEMENTATIONS = YES;
				CLANG_WARN_DIRECT_OBJC_ISA_USAGE = YES_ERROR;
				CLANG_WARN_DOCUMENTATION_COMMENTS = YES;
				CLANG_WARN_EMPTY_BODY = YES;
				CLANG_WARN_ENUM_CONVERSION = YES;
				CLANG_WARN_INFINITE_RECURSION = YES;
				CLANG_WARN_INT_CONVERSION = YES;
				CLANG_WARN_NON_LITERAL_NULL_CONVERSION = YES;
				CLANG_WARN_OBJC_IMPLICIT_RETAIN_SELF = YES;
				CLANG_WARN_OBJC_LITERAL_CONVERSION = YES;
				CLANG_WARN_OBJC_ROOT_CLASS = YES_ERROR;
				CLANG_WARN_RANGE_LOOP_ANALYSIS = YES;
				CLANG_WARN_STRICT_PROTOTYPES = YES;
				CLANG_WARN_SUSPICIOUS_MOVE = YES;
				CLANG_WARN_UNGUARDED_AVAILABILITY = YES_AGGRESSIVE;
				CLANG_WARN_UNREACHABLE_CODE = YES;
				CLANG_WARN__DUPLICATE_METHOD_MATCH = YES;
				COPY_PHASE_STRIP = NO;
				DEBUG_INFORMATION_FORMAT = "dwarf-with-dsym";
				ENABLE_NS_ASSERTIONS = NO;
				ENABLE_STRICT_OBJC_MSGSEND = YES;
				GCC_C_LANGUAGE_STANDARD = gnu11;
				GCC_NO_COMMON_BLOCKS = YES;
				GCC_WARN_64_TO_32_BIT_CONVERSION = YES;
				GCC_WARN_ABOUT_RETURN_TYPE = YES_ERROR;
				GCC_WARN_UNDECLARED_SELECTOR = YES;
				GCC_WARN_UNINITIALIZED_AUTOS = YES_AGGRESSIVE;
				GCC_WARN_UNUSED_FUNCTION = YES;
				GCC_WARN_UNUSED_VARIABLE = YES;
				IPHONEOS_DEPLOYMENT_TARGET = 13.2;
				MTL_ENABLE_DEBUG_INFO = NO;
				MTL_FAST_MATH = YES;
				SDKROOT = iphoneos;
				SWIFT_COMPILATION_MODE = wholemodule;
				SWIFT_OPTIMIZATION_LEVEL = "-O";
				VALIDATE_PRODUCT = YES;
			};
			name = Release;
		};
		377D7DD62415959200CD6582 /* Debug */ = {
			isa = XCBuildConfiguration;
			buildSettings = {
				ASSETCATALOG_COMPILER_APPICON_NAME = AppIcon;
				CODE_SIGN_STYLE = Automatic;
				DEVELOPMENT_ASSET_PATHS = "\"GradeCalc/Preview Content\"";
				DEVELOPMENT_TEAM = 743RFNFSA2;
				ENABLE_PREVIEWS = YES;
				INFOPLIST_FILE = GradeCalc/Info.plist;
				LD_RUNPATH_SEARCH_PATHS = (
					"$(inherited)",
					"@executable_path/Frameworks",
				);
				PRODUCT_BUNDLE_IDENTIFIER = de.marlon.GradeCalc;
				PRODUCT_NAME = "$(TARGET_NAME)";
				SWIFT_VERSION = 5.0;
				TARGETED_DEVICE_FAMILY = "1,2";
			};
			name = Debug;
		};
		377D7DD72415959200CD6582 /* Release */ = {
			isa = XCBuildConfiguration;
			buildSettings = {
				ASSETCATALOG_COMPILER_APPICON_NAME = AppIcon;
				CODE_SIGN_STYLE = Automatic;
				DEVELOPMENT_ASSET_PATHS = "\"GradeCalc/Preview Content\"";
				DEVELOPMENT_TEAM = 743RFNFSA2;
				ENABLE_PREVIEWS = YES;
				INFOPLIST_FILE = GradeCalc/Info.plist;
				LD_RUNPATH_SEARCH_PATHS = (
					"$(inherited)",
					"@executable_path/Frameworks",
				);
				PRODUCT_BUNDLE_IDENTIFIER = de.marlon.GradeCalc;
				PRODUCT_NAME = "$(TARGET_NAME)";
				SWIFT_VERSION = 5.0;
				TARGETED_DEVICE_FAMILY = "1,2";
			};
			name = Release;
		};
/* End XCBuildConfiguration section */

/* Begin XCConfigurationList section */
		377D7DB92415959000CD6582 /* Build configuration list for PBXProject "GradeCalc" */ = {
			isa = XCConfigurationList;
			buildConfigurations = (
				377D7DD32415959200CD6582 /* Debug */,
				377D7DD42415959200CD6582 /* Release */,
			);
			defaultConfigurationIsVisible = 0;
			defaultConfigurationName = Release;
		};
		377D7DD52415959200CD6582 /* Build configuration list for PBXNativeTarget "GradeCalc" */ = {
			isa = XCConfigurationList;
			buildConfigurations = (
				377D7DD62415959200CD6582 /* Debug */,
				377D7DD72415959200CD6582 /* Release */,
			);
			defaultConfigurationIsVisible = 0;
			defaultConfigurationName = Release;
		};
/* End XCConfigurationList section */

/* Begin XCVersionGroup section */
		377D7DC52415959000CD6582 /* GradeCalc.xcdatamodeld */ = {
			isa = XCVersionGroup;
			children = (
				377D7DC62415959000CD6582 /* GradeCalc.xcdatamodel */,
			);
			currentVersion = 377D7DC62415959000CD6582 /* GradeCalc.xcdatamodel */;
			path = GradeCalc.xcdatamodeld;
			sourceTree = "<group>";
			versionGroupType = wrapper.xcdatamodel;
		};
/* End XCVersionGroup section */
	};
	rootObject = 377D7DB62415959000CD6582 /* Project object */;
}
